// !$*UTF8*$!
{
	archiveVersion = 1;
	classes = {
	};
	objectVersion = 46;
	objects = {

/* Begin PBXBuildFile section */
		3F6DD2A817C0B6C3007C34FA /* UIKit.framework in Frameworks */ = {isa = PBXBuildFile; fileRef = 3F6DD2A717C0B6C3007C34FA /* UIKit.framework */; };
		3F6DD2AA17C0B6C3007C34FA /* Foundation.framework in Frameworks */ = {isa = PBXBuildFile; fileRef = 3F6DD2A917C0B6C3007C34FA /* Foundation.framework */; };
		3F6DD2AC17C0B6C3007C34FA /* CoreGraphics.framework in Frameworks */ = {isa = PBXBuildFile; fileRef = 3F6DD2AB17C0B6C3007C34FA /* CoreGraphics.framework */; };
		3F6DD2B217C0B6C3007C34FA /* InfoPlist.strings in Resources */ = {isa = PBXBuildFile; fileRef = 3F6DD2B017C0B6C3007C34FA /* InfoPlist.strings */; };
		3F6DD2B417C0B6C3007C34FA /* main.m in Sources */ = {isa = PBXBuildFile; fileRef = 3F6DD2B317C0B6C3007C34FA /* main.m */; };
		3F6DD2B817C0B6C3007C34FA /* AppDelegate.m in Sources */ = {isa = PBXBuildFile; fileRef = 3F6DD2B717C0B6C3007C34FA /* AppDelegate.m */; };
		3F6DD2BA17C0B6C3007C34FA /* Default.png in Resources */ = {isa = PBXBuildFile; fileRef = 3F6DD2B917C0B6C3007C34FA /* Default.png */; };
		3F6DD2BC17C0B6C3007C34FA /* Default@2x.png in Resources */ = {isa = PBXBuildFile; fileRef = 3F6DD2BB17C0B6C3007C34FA /* Default@2x.png */; };
		3F6DD2BE17C0B6C3007C34FA /* Default-568h@2x.png in Resources */ = {isa = PBXBuildFile; fileRef = 3F6DD2BD17C0B6C3007C34FA /* Default-568h@2x.png */; };
		3F6DD2C117C0B6C3007C34FA /* MainStoryboard.storyboard in Resources */ = {isa = PBXBuildFile; fileRef = 3F6DD2BF17C0B6C3007C34FA /* MainStoryboard.storyboard */; };
		3F6DD2C417C0B6C3007C34FA /* ViewController.m in Sources */ = {isa = PBXBuildFile; fileRef = 3F6DD2C317C0B6C3007C34FA /* ViewController.m */; };
		3F6DD2CC17C0B6C3007C34FA /* SenTestingKit.framework in Frameworks */ = {isa = PBXBuildFile; fileRef = 3F6DD2CB17C0B6C3007C34FA /* SenTestingKit.framework */; };
		3F6DD2CD17C0B6C3007C34FA /* UIKit.framework in Frameworks */ = {isa = PBXBuildFile; fileRef = 3F6DD2A717C0B6C3007C34FA /* UIKit.framework */; };
		3F6DD2CE17C0B6C3007C34FA /* Foundation.framework in Frameworks */ = {isa = PBXBuildFile; fileRef = 3F6DD2A917C0B6C3007C34FA /* Foundation.framework */; };
		3F6DD2D617C0B6C3007C34FA /* InfoPlist.strings in Resources */ = {isa = PBXBuildFile; fileRef = 3F6DD2D417C0B6C3007C34FA /* InfoPlist.strings */; };
		3F6DD2D917C0B6C3007C34FA /* CareerSearcherTests.m in Sources */ = {isa = PBXBuildFile; fileRef = 3F6DD2D817C0B6C3007C34FA /* CareerSearcherTests.m */; };
		3F6DD2EC17C0EC80007C34FA /* ResultViewController.m in Sources */ = {isa = PBXBuildFile; fileRef = 3F6DD2EB17C0EC80007C34FA /* ResultViewController.m */; };
		3F6DD2EF17C0FF08007C34FA /* JobDetailViewController.m in Sources */ = {isa = PBXBuildFile; fileRef = 3F6DD2EE17C0FF08007C34FA /* JobDetailViewController.m */; };
		3F6DD2F217C10271007C34FA /* SearchViewController.m in Sources */ = {isa = PBXBuildFile; fileRef = 3F6DD2F117C10271007C34FA /* SearchViewController.m */; };
/* End PBXBuildFile section */

/* Begin PBXContainerItemProxy section */
		3F6DD2CF17C0B6C3007C34FA /* PBXContainerItemProxy */ = {
			isa = PBXContainerItemProxy;
			containerPortal = 3F6DD29C17C0B6C3007C34FA /* Project object */;
			proxyType = 1;
			remoteGlobalIDString = 3F6DD2A317C0B6C3007C34FA;
			remoteInfo = CareerSearcher;
		};
/* End PBXContainerItemProxy section */

/* Begin PBXFileReference section */
		3F6DD2A417C0B6C3007C34FA /* CareerSearcher.app */ = {isa = PBXFileReference; explicitFileType = wrapper.application; includeInIndex = 0; path = CareerSearcher.app; sourceTree = BUILT_PRODUCTS_DIR; };
		3F6DD2A717C0B6C3007C34FA /* UIKit.framework */ = {isa = PBXFileReference; lastKnownFileType = wrapper.framework; name = UIKit.framework; path = System/Library/Frameworks/UIKit.framework; sourceTree = SDKROOT; };
		3F6DD2A917C0B6C3007C34FA /* Foundation.framework */ = {isa = PBXFileReference; lastKnownFileType = wrapper.framework; name = Foundation.framework; path = System/Library/Frameworks/Foundation.framework; sourceTree = SDKROOT; };
		3F6DD2AB17C0B6C3007C34FA /* CoreGraphics.framework */ = {isa = PBXFileReference; lastKnownFileType = wrapper.framework; name = CoreGraphics.framework; path = System/Library/Frameworks/CoreGraphics.framework; sourceTree = SDKROOT; };
		3F6DD2AF17C0B6C3007C34FA /* CareerSearcher-Info.plist */ = {isa = PBXFileReference; lastKnownFileType = text.plist.xml; path = "CareerSearcher-Info.plist"; sourceTree = "<group>"; };
		3F6DD2B117C0B6C3007C34FA /* en */ = {isa = PBXFileReference; lastKnownFileType = text.plist.strings; name = en; path = en.lproj/InfoPlist.strings; sourceTree = "<group>"; };
		3F6DD2B317C0B6C3007C34FA /* main.m */ = {isa = PBXFileReference; lastKnownFileType = sourcecode.c.objc; path = main.m; sourceTree = "<group>"; };
		3F6DD2B517C0B6C3007C34FA /* CareerSearcher-Prefix.pch */ = {isa = PBXFileReference; lastKnownFileType = sourcecode.c.h; path = "CareerSearcher-Prefix.pch"; sourceTree = "<group>"; };
		3F6DD2B617C0B6C3007C34FA /* AppDelegate.h */ = {isa = PBXFileReference; lastKnownFileType = sourcecode.c.h; path = AppDelegate.h; sourceTree = "<group>"; };
		3F6DD2B717C0B6C3007C34FA /* AppDelegate.m */ = {isa = PBXFileReference; lastKnownFileType = sourcecode.c.objc; path = AppDelegate.m; sourceTree = "<group>"; };
		3F6DD2B917C0B6C3007C34FA /* Default.png */ = {isa = PBXFileReference; lastKnownFileType = image.png; path = Default.png; sourceTree = "<group>"; };
		3F6DD2BB17C0B6C3007C34FA /* Default@2x.png */ = {isa = PBXFileReference; lastKnownFileType = image.png; path = "Default@2x.png"; sourceTree = "<group>"; };
		3F6DD2BD17C0B6C3007C34FA /* Default-568h@2x.png */ = {isa = PBXFileReference; lastKnownFileType = image.png; path = "Default-568h@2x.png"; sourceTree = "<group>"; };
		3F6DD2C017C0B6C3007C34FA /* en */ = {isa = PBXFileReference; lastKnownFileType = file.storyboard; name = en; path = en.lproj/MainStoryboard.storyboard; sourceTree = "<group>"; };
		3F6DD2C217C0B6C3007C34FA /* ViewController.h */ = {isa = PBXFileReference; lastKnownFileType = sourcecode.c.h; path = ViewController.h; sourceTree = "<group>"; };
		3F6DD2C317C0B6C3007C34FA /* ViewController.m */ = {isa = PBXFileReference; lastKnownFileType = sourcecode.c.objc; path = ViewController.m; sourceTree = "<group>"; };
		3F6DD2CA17C0B6C3007C34FA /* CareerSearcherTests.octest */ = {isa = PBXFileReference; explicitFileType = wrapper.cfbundle; includeInIndex = 0; path = CareerSearcherTests.octest; sourceTree = BUILT_PRODUCTS_DIR; };
		3F6DD2CB17C0B6C3007C34FA /* SenTestingKit.framework */ = {isa = PBXFileReference; lastKnownFileType = wrapper.framework; name = SenTestingKit.framework; path = Library/Frameworks/SenTestingKit.framework; sourceTree = DEVELOPER_DIR; };
		3F6DD2D317C0B6C3007C34FA /* CareerSearcherTests-Info.plist */ = {isa = PBXFileReference; lastKnownFileType = text.plist.xml; path = "CareerSearcherTests-Info.plist"; sourceTree = "<group>"; };
		3F6DD2D517C0B6C3007C34FA /* en */ = {isa = PBXFileReference; lastKnownFileType = text.plist.strings; name = en; path = en.lproj/InfoPlist.strings; sourceTree = "<group>"; };
		3F6DD2D717C0B6C3007C34FA /* CareerSearcherTests.h */ = {isa = PBXFileReference; lastKnownFileType = sourcecode.c.h; path = CareerSearcherTests.h; sourceTree = "<group>"; };
		3F6DD2D817C0B6C3007C34FA /* CareerSearcherTests.m */ = {isa = PBXFileReference; lastKnownFileType = sourcecode.c.objc; path = CareerSearcherTests.m; sourceTree = "<group>"; };
		3F6DD2EA17C0EC80007C34FA /* ResultViewController.h */ = {isa = PBXFileReference; fileEncoding = 4; lastKnownFileType = sourcecode.c.h; path = ResultViewController.h; sourceTree = "<group>"; };
		3F6DD2EB17C0EC80007C34FA /* ResultViewController.m */ = {isa = PBXFileReference; fileEncoding = 4; lastKnownFileType = sourcecode.c.objc; path = ResultViewController.m; sourceTree = "<group>"; };
		3F6DD2ED17C0FF07007C34FA /* JobDetailViewController.h */ = {isa = PBXFileReference; fileEncoding = 4; lastKnownFileType = sourcecode.c.h; path = JobDetailViewController.h; sourceTree = "<group>"; };
		3F6DD2EE17C0FF08007C34FA /* JobDetailViewController.m */ = {isa = PBXFileReference; fileEncoding = 4; lastKnownFileType = sourcecode.c.objc; path = JobDetailViewController.m; sourceTree = "<group>"; };
		3F6DD2F017C10271007C34FA /* SearchViewController.h */ = {isa = PBXFileReference; fileEncoding = 4; lastKnownFileType = sourcecode.c.h; path = SearchViewController.h; sourceTree = "<group>"; };
		3F6DD2F117C10271007C34FA /* SearchViewController.m */ = {isa = PBXFileReference; fileEncoding = 4; lastKnownFileType = sourcecode.c.objc; path = SearchViewController.m; sourceTree = "<group>"; };
/* End PBXFileReference section */

/* Begin PBXFrameworksBuildPhase section */
		3F6DD2A117C0B6C3007C34FA /* Frameworks */ = {
			isa = PBXFrameworksBuildPhase;
			buildActionMask = 2147483647;
			files = (
				3F6DD2A817C0B6C3007C34FA /* UIKit.framework in Frameworks */,
				3F6DD2AA17C0B6C3007C34FA /* Foundation.framework in Frameworks */,
				3F6DD2AC17C0B6C3007C34FA /* CoreGraphics.framework in Frameworks */,
			);
			runOnlyForDeploymentPostprocessing = 0;
		};
		3F6DD2C617C0B6C3007C34FA /* Frameworks */ = {
			isa = PBXFrameworksBuildPhase;
			buildActionMask = 2147483647;
			files = (
				3F6DD2CC17C0B6C3007C34FA /* SenTestingKit.framework in Frameworks */,
				3F6DD2CD17C0B6C3007C34FA /* UIKit.framework in Frameworks */,
				3F6DD2CE17C0B6C3007C34FA /* Foundation.framework in Frameworks */,
			);
			runOnlyForDeploymentPostprocessing = 0;
		};
/* End PBXFrameworksBuildPhase section */

/* Begin PBXGroup section */
		3F6DD29B17C0B6C3007C34FA = {
			isa = PBXGroup;
			children = (
				3F6DD2AD17C0B6C3007C34FA /* CareerSearcher */,
				3F6DD2D117C0B6C3007C34FA /* CareerSearcherTests */,
				3F6DD2A617C0B6C3007C34FA /* Frameworks */,
				3F6DD2A517C0B6C3007C34FA /* Products */,
			);
			sourceTree = "<group>";
		};
		3F6DD2A517C0B6C3007C34FA /* Products */ = {
			isa = PBXGroup;
			children = (
				3F6DD2A417C0B6C3007C34FA /* CareerSearcher.app */,
				3F6DD2CA17C0B6C3007C34FA /* CareerSearcherTests.octest */,
			);
			name = Products;
			sourceTree = "<group>";
		};
		3F6DD2A617C0B6C3007C34FA /* Frameworks */ = {
			isa = PBXGroup;
			children = (
				3F6DD2A717C0B6C3007C34FA /* UIKit.framework */,
				3F6DD2A917C0B6C3007C34FA /* Foundation.framework */,
				3F6DD2AB17C0B6C3007C34FA /* CoreGraphics.framework */,
				3F6DD2CB17C0B6C3007C34FA /* SenTestingKit.framework */,
			);
			name = Frameworks;
			sourceTree = "<group>";
		};
		3F6DD2AD17C0B6C3007C34FA /* CareerSearcher */ = {
			isa = PBXGroup;
			children = (
				3F6DD2B617C0B6C3007C34FA /* AppDelegate.h */,
				3F6DD2B717C0B6C3007C34FA /* AppDelegate.m */,
				3F6DD2C217C0B6C3007C34FA /* ViewController.h */,
				3F6DD2C317C0B6C3007C34FA /* ViewController.m */,
				3F6DD2BF17C0B6C3007C34FA /* MainStoryboard.storyboard */,
				3F6DD2EA17C0EC80007C34FA /* ResultViewController.h */,
				3F6DD2EB17C0EC80007C34FA /* ResultViewController.m */,
				3F6DD2AE17C0B6C3007C34FA /* Supporting Files */,
				3F6DD2ED17C0FF07007C34FA /* JobDetailViewController.h */,
				3F6DD2EE17C0FF08007C34FA /* JobDetailViewController.m */,
				3F6DD2F017C10271007C34FA /* SearchViewController.h */,
				3F6DD2F117C10271007C34FA /* SearchViewController.m */,
			);
			path = CareerSearcher;
			sourceTree = "<group>";
		};
		3F6DD2AE17C0B6C3007C34FA /* Supporting Files */ = {
			isa = PBXGroup;
			children = (
				3F6DD2AF17C0B6C3007C34FA /* CareerSearcher-Info.plist */,
				3F6DD2B017C0B6C3007C34FA /* InfoPlist.strings */,
				3F6DD2B317C0B6C3007C34FA /* main.m */,
				3F6DD2B517C0B6C3007C34FA /* CareerSearcher-Prefix.pch */,
				3F6DD2B917C0B6C3007C34FA /* Default.png */,
				3F6DD2BB17C0B6C3007C34FA /* Default@2x.png */,
				3F6DD2BD17C0B6C3007C34FA /* Default-568h@2x.png */,
			);
			name = "Supporting Files";
			sourceTree = "<group>";
		};
		3F6DD2D117C0B6C3007C34FA /* CareerSearcherTests */ = {
			isa = PBXGroup;
			children = (
				3F6DD2D717C0B6C3007C34FA /* CareerSearcherTests.h */,
				3F6DD2D817C0B6C3007C34FA /* CareerSearcherTests.m */,
				3F6DD2D217C0B6C3007C34FA /* Supporting Files */,
			);
			path = CareerSearcherTests;
			sourceTree = "<group>";
		};
		3F6DD2D217C0B6C3007C34FA /* Supporting Files */ = {
			isa = PBXGroup;
			children = (
				3F6DD2D317C0B6C3007C34FA /* CareerSearcherTests-Info.plist */,
				3F6DD2D417C0B6C3007C34FA /* InfoPlist.strings */,
			);
			name = "Supporting Files";
			sourceTree = "<group>";
		};
/* End PBXGroup section */

/* Begin PBXNativeTarget section */
		3F6DD2A317C0B6C3007C34FA /* CareerSearcher */ = {
			isa = PBXNativeTarget;
			buildConfigurationList = 3F6DD2DC17C0B6C3007C34FA /* Build configuration list for PBXNativeTarget "CareerSearcher" */;
			buildPhases = (
				3F6DD2A017C0B6C3007C34FA /* Sources */,
				3F6DD2A117C0B6C3007C34FA /* Frameworks */,
				3F6DD2A217C0B6C3007C34FA /* Resources */,
			);
			buildRules = (
			);
			dependencies = (
			);
			name = CareerSearcher;
			productName = CareerSearcher;
			productReference = 3F6DD2A417C0B6C3007C34FA /* CareerSearcher.app */;
			productType = "com.apple.product-type.application";
		};
		3F6DD2C917C0B6C3007C34FA /* CareerSearcherTests */ = {
			isa = PBXNativeTarget;
			buildConfigurationList = 3F6DD2DF17C0B6C3007C34FA /* Build configuration list for PBXNativeTarget "CareerSearcherTests" */;
			buildPhases = (
				3F6DD2C517C0B6C3007C34FA /* Sources */,
				3F6DD2C617C0B6C3007C34FA /* Frameworks */,
				3F6DD2C717C0B6C3007C34FA /* Resources */,
				3F6DD2C817C0B6C3007C34FA /* ShellScript */,
			);
			buildRules = (
			);
			dependencies = (
				3F6DD2D017C0B6C3007C34FA /* PBXTargetDependency */,
			);
			name = CareerSearcherTests;
			productName = CareerSearcherTests;
			productReference = 3F6DD2CA17C0B6C3007C34FA /* CareerSearcherTests.octest */;
			productType = "com.apple.product-type.bundle";
		};
/* End PBXNativeTarget section */

/* Begin PBXProject section */
		3F6DD29C17C0B6C3007C34FA /* Project object */ = {
			isa = PBXProject;
			attributes = {
				LastUpgradeCheck = 0460;
				ORGANIZATIONNAME = MD631;
			};
			buildConfigurationList = 3F6DD29F17C0B6C3007C34FA /* Build configuration list for PBXProject "CareerSearcher" */;
			compatibilityVersion = "Xcode 3.2";
			developmentRegion = English;
			hasScannedForEncodings = 0;
			knownRegions = (
				en,
			);
			mainGroup = 3F6DD29B17C0B6C3007C34FA;
			productRefGroup = 3F6DD2A517C0B6C3007C34FA /* Products */;
			projectDirPath = "";
			projectRoot = "";
			targets = (
				3F6DD2A317C0B6C3007C34FA /* CareerSearcher */,
				3F6DD2C917C0B6C3007C34FA /* CareerSearcherTests */,
			);
		};
/* End PBXProject section */

/* Begin PBXResourcesBuildPhase section */
		3F6DD2A217C0B6C3007C34FA /* Resources */ = {
			isa = PBXResourcesBuildPhase;
			buildActionMask = 2147483647;
			files = (
				3F6DD2B217C0B6C3007C34FA /* InfoPlist.strings in Resources */,
				3F6DD2BA17C0B6C3007C34FA /* Default.png in Resources */,
				3F6DD2BC17C0B6C3007C34FA /* Default@2x.png in Resources */,
				3F6DD2BE17C0B6C3007C34FA /* Default-568h@2x.png in Resources */,
				3F6DD2C117C0B6C3007C34FA /* MainStoryboard.storyboard in Resources */,
			);
			runOnlyForDeploymentPostprocessing = 0;
		};
		3F6DD2C717C0B6C3007C34FA /* Resources */ = {
			isa = PBXResourcesBuildPhase;
			buildActionMask = 2147483647;
			files = (
				3F6DD2D617C0B6C3007C34FA /* InfoPlist.strings in Resources */,
			);
			runOnlyForDeploymentPostprocessing = 0;
		};
/* End PBXResourcesBuildPhase section */

/* Begin PBXShellScriptBuildPhase section */
		3F6DD2C817C0B6C3007C34FA /* ShellScript */ = {
			isa = PBXShellScriptBuildPhase;
			buildActionMask = 2147483647;
			files = (
			);
			inputPaths = (
			);
			outputPaths = (
			);
			runOnlyForDeploymentPostprocessing = 0;
			shellPath = /bin/sh;
			shellScript = "# Run the unit tests in this test bundle.\n\"${SYSTEM_DEVELOPER_DIR}/Tools/RunUnitTests\"\n";
		};
/* End PBXShellScriptBuildPhase section */

/* Begin PBXSourcesBuildPhase section */
		3F6DD2A017C0B6C3007C34FA /* Sources */ = {
			isa = PBXSourcesBuildPhase;
			buildActionMask = 2147483647;
			files = (
				3F6DD2B417C0B6C3007C34FA /* main.m in Sources */,
				3F6DD2B817C0B6C3007C34FA /* AppDelegate.m in Sources */,
				3F6DD2C417C0B6C3007C34FA /* ViewController.m in Sources */,
				3F6DD2EC17C0EC80007C34FA /* ResultViewController.m in Sources */,
				3F6DD2EF17C0FF08007C34FA /* JobDetailViewController.m in Sources */,
				3F6DD2F217C10271007C34FA /* SearchViewController.m in Sources */,
			);
			runOnlyForDeploymentPostprocessing = 0;
		};
		3F6DD2C517C0B6C3007C34FA /* Sources */ = {
			isa = PBXSourcesBuildPhase;
			buildActionMask = 2147483647;
			files = (
				3F6DD2D917C0B6C3007C34FA /* CareerSearcherTests.m in Sources */,
			);
			runOnlyForDeploymentPostprocessing = 0;
		};
/* End PBXSourcesBuildPhase section */

/* Begin PBXTargetDependency section */
		3F6DD2D017C0B6C3007C34FA /* PBXTargetDependency */ = {
			isa = PBXTargetDependency;
			target = 3F6DD2A317C0B6C3007C34FA /* CareerSearcher */;
			targetProxy = 3F6DD2CF17C0B6C3007C34FA /* PBXContainerItemProxy */;
		};
/* End PBXTargetDependency section */

/* Begin PBXVariantGroup section */
		3F6DD2B017C0B6C3007C34FA /* InfoPlist.strings */ = {
			isa = PBXVariantGroup;
			children = (
				3F6DD2B117C0B6C3007C34FA /* en */,
			);
			name = InfoPlist.strings;
			sourceTree = "<group>";
		};
		3F6DD2BF17C0B6C3007C34FA /* MainStoryboard.storyboard */ = {
			isa = PBXVariantGroup;
			children = (
				3F6DD2C017C0B6C3007C34FA /* en */,
			);
			name = MainStoryboard.storyboard;
			sourceTree = "<group>";
		};
		3F6DD2D417C0B6C3007C34FA /* InfoPlist.strings */ = {
			isa = PBXVariantGroup;
			children = (
				3F6DD2D517C0B6C3007C34FA /* en */,
			);
			name = InfoPlist.strings;
			sourceTree = "<group>";
		};
/* End PBXVariantGroup section */

/* Begin XCBuildConfiguration section */
		3F6DD2DA17C0B6C3007C34FA /* Debug */ = {
			isa = XCBuildConfiguration;
			buildSettings = {
				ALWAYS_SEARCH_USER_PATHS = NO;
				CLANG_CXX_LANGUAGE_STANDARD = "gnu++0x";
				CLANG_CXX_LIBRARY = "libc++";
				CLANG_ENABLE_OBJC_ARC = YES;
				CLANG_WARN_CONSTANT_CONVERSION = YES;
				CLANG_WARN_EMPTY_BODY = YES;
				CLANG_WARN_ENUM_CONVERSION = YES;
				CLANG_WARN_INT_CONVERSION = YES;
				CLANG_WARN__DUPLICATE_METHOD_MATCH = YES;
				"CODE_SIGN_IDENTITY[sdk=iphoneos*]" = "iPhone Developer";
				COPY_PHASE_STRIP = NO;
				GCC_C_LANGUAGE_STANDARD = gnu99;
				GCC_DYNAMIC_NO_PIC = NO;
				GCC_OPTIMIZATION_LEVEL = 0;
				GCC_PREPROCESSOR_DEFINITIONS = (
					"DEBUG=1",
					"$(inherited)",
				);
				GCC_SYMBOLS_PRIVATE_EXTERN = NO;
				GCC_WARN_ABOUT_RETURN_TYPE = YES;
				GCC_WARN_UNINITIALIZED_AUTOS = YES;
				GCC_WARN_UNUSED_VARIABLE = YES;
				IPHONEOS_DEPLOYMENT_TARGET = 6.1;
				ONLY_ACTIVE_ARCH = YES;
				SDKROOT = iphoneos;
			};
			name = Debug;
		};
		3F6DD2DB17C0B6C3007C34FA /* Release */ = {
			isa = XCBuildConfiguration;
			buildSettings = {
				ALWAYS_SEARCH_USER_PATHS = NO;
				CLANG_CXX_LANGUAGE_STANDARD = "gnu++0x";
				CLANG_CXX_LIBRARY = "libc++";
				CLANG_ENABLE_OBJC_ARC = YES;
				CLANG_WARN_CONSTANT_CONVERSION = YES;
				CLANG_WARN_EMPTY_BODY = YES;
				CLANG_WARN_ENUM_CONVERSION = YES;
				CLANG_WARN_INT_CONVERSION = YES;
				CLANG_WARN__DUPLICATE_METHOD_MATCH = YES;
				"CODE_SIGN_IDENTITY[sdk=iphoneos*]" = "iPhone Developer";
				COPY_PHASE_STRIP = YES;
				GCC_C_LANGUAGE_STANDARD = gnu99;
				GCC_WARN_ABOUT_RETURN_TYPE = YES;
				GCC_WARN_UNINITIALIZED_AUTOS = YES;
				GCC_WARN_UNUSED_VARIABLE = YES;
				IPHONEOS_DEPLOYMENT_TARGET = 6.1;
				OTHER_CFLAGS = "-DNS_BLOCK_ASSERTIONS=1";
				SDKROOT = iphoneos;
				VALIDATE_PRODUCT = YES;
			};
			name = Release;
		};
		3F6DD2DD17C0B6C3007C34FA /* Debug */ = {
			isa = XCBuildConfiguration;
			buildSettings = {
				GCC_PRECOMPILE_PREFIX_HEADER = YES;
				GCC_PREFIX_HEADER = "CareerSearcher/CareerSearcher-Prefix.pch";
				INFOPLIST_FILE = "CareerSearcher/CareerSearcher-Info.plist";
				PRODUCT_NAME = "$(TARGET_NAME)";
				WRAPPER_EXTENSION = app;
			};
			name = Debug;
		};
		3F6DD2DE17C0B6C3007C34FA /* Release */ = {
			isa = XCBuildConfiguration;
			buildSettings = {
				GCC_PRECOMPILE_PREFIX_HEADER = YES;
				GCC_PREFIX_HEADER = "CareerSearcher/CareerSearcher-Prefix.pch";
				INFOPLIST_FILE = "CareerSearcher/CareerSearcher-Info.plist";
				PRODUCT_NAME = "$(TARGET_NAME)";
				WRAPPER_EXTENSION = app;
			};
			name = Release;
		};
		3F6DD2E017C0B6C3007C34FA /* Debug */ = {
			isa = XCBuildConfiguration;
			buildSettings = {
				BUNDLE_LOADER = "$(BUILT_PRODUCTS_DIR)/CareerSearcher.app/CareerSearcher";
				FRAMEWORK_SEARCH_PATHS = (
					"\"$(SDKROOT)/Developer/Library/Frameworks\"",
					"\"$(DEVELOPER_LIBRARY_DIR)/Frameworks\"",
				);
				GCC_PRECOMPILE_PREFIX_HEADER = YES;
				GCC_PREFIX_HEADER = "CareerSearcher/CareerSearcher-Prefix.pch";
				INFOPLIST_FILE = "CareerSearcherTests/CareerSearcherTests-Info.plist";
				PRODUCT_NAME = "$(TARGET_NAME)";
				TEST_HOST = "$(BUNDLE_LOADER)";
				WRAPPER_EXTENSION = octest;
			};
			name = Debug;
		};
		3F6DD2E117C0B6C3007C34FA /* Release */ = {
			isa = XCBuildConfiguration;
			buildSettings = {
				BUNDLE_LOADER = "$(BUILT_PRODUCTS_DIR)/CareerSearcher.app/CareerSearcher";
				FRAMEWORK_SEARCH_PATHS = (
					"\"$(SDKROOT)/Developer/Library/Frameworks\"",
					"\"$(DEVELOPER_LIBRARY_DIR)/Frameworks\"",
				);
				GCC_PRECOMPILE_PREFIX_HEADER = YES;
				GCC_PREFIX_HEADER = "CareerSearcher/CareerSearcher-Prefix.pch";
				INFOPLIST_FILE = "CareerSearcherTests/CareerSearcherTests-Info.plist";
				PRODUCT_NAME = "$(TARGET_NAME)";
				TEST_HOST = "$(BUNDLE_LOADER)";
				WRAPPER_EXTENSION = octest;
			};
			name = Release;
		};
/* End XCBuildConfiguration section */

/* Begin XCConfigurationList section */
		3F6DD29F17C0B6C3007C34FA /* Build configuration list for PBXProject "CareerSearcher" */ = {
			isa = XCConfigurationList;
			buildConfigurations = (
				3F6DD2DA17C0B6C3007C34FA /* Debug */,
				3F6DD2DB17C0B6C3007C34FA /* Release */,
			);
			defaultConfigurationIsVisible = 0;
			defaultConfigurationName = Release;
		};
		3F6DD2DC17C0B6C3007C34FA /* Build configuration list for PBXNativeTarget "CareerSearcher" */ = {
			isa = XCConfigurationList;
			buildConfigurations = (
				3F6DD2DD17C0B6C3007C34FA /* Debug */,
				3F6DD2DE17C0B6C3007C34FA /* Release */,
			);
			defaultConfigurationIsVisible = 0;
			defaultConfigurationName = Release;
		};
		3F6DD2DF17C0B6C3007C34FA /* Build configuration list for PBXNativeTarget "CareerSearcherTests" */ = {
			isa = XCConfigurationList;
			buildConfigurations = (
				3F6DD2E017C0B6C3007C34FA /* Debug */,
				3F6DD2E117C0B6C3007C34FA /* Release */,
			);
			defaultConfigurationIsVisible = 0;
			defaultConfigurationName = Release;
		};
/* End XCConfigurationList section */
	};
	rootObject = 3F6DD29C17C0B6C3007C34FA /* Project object */;
}
